
Microsoft Visual Studio Solution File, Format Version 12.00
# Visual Studio Version 17
VisualStudioVersion = 17.9.34728.123
MinimumVisualStudioVersion = 10.0.40219.1
Project("{FAE04EC0-301F-11D3-BF4B-00C04F79EFBC}") = "ex001", "ex001\ex001.csproj", "{DEB5A9F7-D7F3-4F9E-B0D4-6745E970B7C4}"
EndProject
Global
	GlobalSection(SolutionConfigurationPlatforms) = preSolution
		Debug|Any CPU = Debug|Any CPU
		Release|Any CPU = Release|Any CPU
	EndGlobalSection
	GlobalSection(ProjectConfigurationPlatforms) = postSolution
		{DEB5A9F7-D7F3-4F9E-B0D4-6745E970B7C4}.Debug|Any CPU.ActiveCfg = Debug|Any CPU
		{DEB5A9F7-D7F3-4F9E-B0D4-6745E970B7C4}.Debug|Any CPU.Build.0 = Debug|Any CPU
		{DEB5A9F7-D7F3-4F9E-B0D4-6745E970B7C4}.Release|Any CPU.ActiveCfg = Release|Any CPU
		{DEB5A9F7-D7F3-4F9E-B0D4-6745E970B7C4}.Release|Any CPU.Build.0 = Release|Any CPU
	EndGlobalSection
	GlobalSection(SolutionProperties) = preSolution
		HideSolutionNode = FALSE
	EndGlobalSection
	GlobalSection(ExtensibilityGlobals) = postSolution
		SolutionGuid = {6C894D9F-CB4B-4332-80BE-C8CAB2FD5143}
	EndGlobalSection
EndGlobal
