
Microsoft Visual Studio Solution File, Format Version 12.00
# Visual Studio Version 17
VisualStudioVersion = 17.9.34728.123
MinimumVisualStudioVersion = 10.0.40219.1
Project("{FAE04EC0-301F-11D3-BF4B-00C04F79EFBC}") = "07construtor", "07construtor\07construtor.csproj", "{A459CE79-CAE8-4312-9746-B9661D9F9D23}"
EndProject
Global
	GlobalSection(SolutionConfigurationPlatforms) = preSolution
		Debug|Any CPU = Debug|Any CPU
		Release|Any CPU = Release|Any CPU
	EndGlobalSection
	GlobalSection(ProjectConfigurationPlatforms) = postSolution
		{A459CE79-CAE8-4312-9746-B9661D9F9D23}.Debug|Any CPU.ActiveCfg = Debug|Any CPU
		{A459CE79-CAE8-4312-9746-B9661D9F9D23}.Debug|Any CPU.Build.0 = Debug|Any CPU
		{A459CE79-CAE8-4312-9746-B9661D9F9D23}.Release|Any CPU.ActiveCfg = Release|Any CPU
		{A459CE79-CAE8-4312-9746-B9661D9F9D23}.Release|Any CPU.Build.0 = Release|Any CPU
	EndGlobalSection
	GlobalSection(SolutionProperties) = preSolution
		HideSolutionNode = FALSE
	EndGlobalSection
	GlobalSection(ExtensibilityGlobals) = postSolution
		SolutionGuid = {5DB108BC-4605-4E77-AF56-4CA658390C2E}
	EndGlobalSection
EndGlobal
