
Microsoft Visual Studio Solution File, Format Version 12.00
# Visual Studio Version 17
VisualStudioVersion = 17.9.34728.123
MinimumVisualStudioVersion = 10.0.40219.1
Project("{FAE04EC0-301F-11D3-BF4B-00C04F79EFBC}") = "ex016", "ex016\ex016.csproj", "{126B2017-CD9C-428C-91A3-E28AB5C96392}"
EndProject
Global
	GlobalSection(SolutionConfigurationPlatforms) = preSolution
		Debug|Any CPU = Debug|Any CPU
		Release|Any CPU = Release|Any CPU
	EndGlobalSection
	GlobalSection(ProjectConfigurationPlatforms) = postSolution
		{126B2017-CD9C-428C-91A3-E28AB5C96392}.Debug|Any CPU.ActiveCfg = Debug|Any CPU
		{126B2017-CD9C-428C-91A3-E28AB5C96392}.Debug|Any CPU.Build.0 = Debug|Any CPU
		{126B2017-CD9C-428C-91A3-E28AB5C96392}.Release|Any CPU.ActiveCfg = Release|Any CPU
		{126B2017-CD9C-428C-91A3-E28AB5C96392}.Release|Any CPU.Build.0 = Release|Any CPU
	EndGlobalSection
	GlobalSection(SolutionProperties) = preSolution
		HideSolutionNode = FALSE
	EndGlobalSection
	GlobalSection(ExtensibilityGlobals) = postSolution
		SolutionGuid = {7D2DECA1-B85F-4459-970A-BDC3606CA143}
	EndGlobalSection
EndGlobal
