
Microsoft Visual Studio Solution File, Format Version 12.00
# Visual Studio Version 17
VisualStudioVersion = 17.9.34728.123
MinimumVisualStudioVersion = 10.0.40219.1
Project("{FAE04EC0-301F-11D3-BF4B-00C04F79EFBC}") = "ex005", "ex005\ex005.csproj", "{1F14FFDA-406A-43C6-96C9-E3938EB66F2C}"
EndProject
Global
	GlobalSection(SolutionConfigurationPlatforms) = preSolution
		Debug|Any CPU = Debug|Any CPU
		Release|Any CPU = Release|Any CPU
	EndGlobalSection
	GlobalSection(ProjectConfigurationPlatforms) = postSolution
		{1F14FFDA-406A-43C6-96C9-E3938EB66F2C}.Debug|Any CPU.ActiveCfg = Debug|Any CPU
		{1F14FFDA-406A-43C6-96C9-E3938EB66F2C}.Debug|Any CPU.Build.0 = Debug|Any CPU
		{1F14FFDA-406A-43C6-96C9-E3938EB66F2C}.Release|Any CPU.ActiveCfg = Release|Any CPU
		{1F14FFDA-406A-43C6-96C9-E3938EB66F2C}.Release|Any CPU.Build.0 = Release|Any CPU
	EndGlobalSection
	GlobalSection(SolutionProperties) = preSolution
		HideSolutionNode = FALSE
	EndGlobalSection
	GlobalSection(ExtensibilityGlobals) = postSolution
		SolutionGuid = {4E2CC2F6-CBBF-4CFB-A2F3-6FE6D82A0C50}
	EndGlobalSection
EndGlobal
