
Microsoft Visual Studio Solution File, Format Version 12.00
# Visual Studio Version 17
VisualStudioVersion = 17.9.34728.123
MinimumVisualStudioVersion = 10.0.40219.1
Project("{FAE04EC0-301F-11D3-BF4B-00C04F79EFBC}") = "ex041", "ex041\ex041.csproj", "{AD39412B-7DF7-432F-90CA-D6FCC9288B1C}"
EndProject
Global
	GlobalSection(SolutionConfigurationPlatforms) = preSolution
		Debug|Any CPU = Debug|Any CPU
		Release|Any CPU = Release|Any CPU
	EndGlobalSection
	GlobalSection(ProjectConfigurationPlatforms) = postSolution
		{AD39412B-7DF7-432F-90CA-D6FCC9288B1C}.Debug|Any CPU.ActiveCfg = Debug|Any CPU
		{AD39412B-7DF7-432F-90CA-D6FCC9288B1C}.Debug|Any CPU.Build.0 = Debug|Any CPU
		{AD39412B-7DF7-432F-90CA-D6FCC9288B1C}.Release|Any CPU.ActiveCfg = Release|Any CPU
		{AD39412B-7DF7-432F-90CA-D6FCC9288B1C}.Release|Any CPU.Build.0 = Release|Any CPU
	EndGlobalSection
	GlobalSection(SolutionProperties) = preSolution
		HideSolutionNode = FALSE
	EndGlobalSection
	GlobalSection(ExtensibilityGlobals) = postSolution
		SolutionGuid = {C6BCB03D-BA9B-484F-A27E-AE5BCA2309A6}
	EndGlobalSection
EndGlobal
