
Microsoft Visual Studio Solution File, Format Version 12.00
# Visual Studio Version 17
VisualStudioVersion = 17.9.34728.123
MinimumVisualStudioVersion = 10.0.40219.1
Project("{FAE04EC0-301F-11D3-BF4B-00C04F79EFBC}") = "ex024", "ex024\ex024.csproj", "{8EFB0C1A-1BE8-4CE7-9D66-801D6D087896}"
EndProject
Global
	GlobalSection(SolutionConfigurationPlatforms) = preSolution
		Debug|Any CPU = Debug|Any CPU
		Release|Any CPU = Release|Any CPU
	EndGlobalSection
	GlobalSection(ProjectConfigurationPlatforms) = postSolution
		{8EFB0C1A-1BE8-4CE7-9D66-801D6D087896}.Debug|Any CPU.ActiveCfg = Debug|Any CPU
		{8EFB0C1A-1BE8-4CE7-9D66-801D6D087896}.Debug|Any CPU.Build.0 = Debug|Any CPU
		{8EFB0C1A-1BE8-4CE7-9D66-801D6D087896}.Release|Any CPU.ActiveCfg = Release|Any CPU
		{8EFB0C1A-1BE8-4CE7-9D66-801D6D087896}.Release|Any CPU.Build.0 = Release|Any CPU
	EndGlobalSection
	GlobalSection(SolutionProperties) = preSolution
		HideSolutionNode = FALSE
	EndGlobalSection
	GlobalSection(ExtensibilityGlobals) = postSolution
		SolutionGuid = {13906AC9-E73D-4B40-9F42-FED1D31883F0}
	EndGlobalSection
EndGlobal
