
Microsoft Visual Studio Solution File, Format Version 12.00
# Visual Studio Version 17
VisualStudioVersion = 17.9.34728.123
MinimumVisualStudioVersion = 10.0.40219.1
Project("{FAE04EC0-301F-11D3-BF4B-00C04F79EFBC}") = "ex007", "ex007\ex007.csproj", "{3327AE4E-A31E-4D26-90B8-BF2D093E93DA}"
EndProject
Global
	GlobalSection(SolutionConfigurationPlatforms) = preSolution
		Debug|Any CPU = Debug|Any CPU
		Release|Any CPU = Release|Any CPU
	EndGlobalSection
	GlobalSection(ProjectConfigurationPlatforms) = postSolution
		{3327AE4E-A31E-4D26-90B8-BF2D093E93DA}.Debug|Any CPU.ActiveCfg = Debug|Any CPU
		{3327AE4E-A31E-4D26-90B8-BF2D093E93DA}.Debug|Any CPU.Build.0 = Debug|Any CPU
		{3327AE4E-A31E-4D26-90B8-BF2D093E93DA}.Release|Any CPU.ActiveCfg = Release|Any CPU
		{3327AE4E-A31E-4D26-90B8-BF2D093E93DA}.Release|Any CPU.Build.0 = Release|Any CPU
	EndGlobalSection
	GlobalSection(SolutionProperties) = preSolution
		HideSolutionNode = FALSE
	EndGlobalSection
	GlobalSection(ExtensibilityGlobals) = postSolution
		SolutionGuid = {71ED3EBA-C703-482B-929B-00AAB94DF02D}
	EndGlobalSection
EndGlobal
