
Microsoft Visual Studio Solution File, Format Version 12.00
# Visual Studio Version 17
VisualStudioVersion = 17.9.34728.123
MinimumVisualStudioVersion = 10.0.40219.1
Project("{FAE04EC0-301F-11D3-BF4B-00C04F79EFBC}") = "ex006", "ex006\ex006.csproj", "{502DFFC6-4F96-4B54-9025-C8C3552C5F90}"
EndProject
Global
	GlobalSection(SolutionConfigurationPlatforms) = preSolution
		Debug|Any CPU = Debug|Any CPU
		Release|Any CPU = Release|Any CPU
	EndGlobalSection
	GlobalSection(ProjectConfigurationPlatforms) = postSolution
		{502DFFC6-4F96-4B54-9025-C8C3552C5F90}.Debug|Any CPU.ActiveCfg = Debug|Any CPU
		{502DFFC6-4F96-4B54-9025-C8C3552C5F90}.Debug|Any CPU.Build.0 = Debug|Any CPU
		{502DFFC6-4F96-4B54-9025-C8C3552C5F90}.Release|Any CPU.ActiveCfg = Release|Any CPU
		{502DFFC6-4F96-4B54-9025-C8C3552C5F90}.Release|Any CPU.Build.0 = Release|Any CPU
	EndGlobalSection
	GlobalSection(SolutionProperties) = preSolution
		HideSolutionNode = FALSE
	EndGlobalSection
	GlobalSection(ExtensibilityGlobals) = postSolution
		SolutionGuid = {33DE0933-2B48-44A2-99C7-95293AB70DD9}
	EndGlobalSection
EndGlobal
