
Microsoft Visual Studio Solution File, Format Version 12.00
# Visual Studio Version 17
VisualStudioVersion = 17.9.34728.123
MinimumVisualStudioVersion = 10.0.40219.1
Project("{FAE04EC0-301F-11D3-BF4B-00C04F79EFBC}") = "ex028", "ex028\ex028.csproj", "{98908459-FE77-4953-9E46-18D99EE9CF93}"
EndProject
Global
	GlobalSection(SolutionConfigurationPlatforms) = preSolution
		Debug|Any CPU = Debug|Any CPU
		Release|Any CPU = Release|Any CPU
	EndGlobalSection
	GlobalSection(ProjectConfigurationPlatforms) = postSolution
		{98908459-FE77-4953-9E46-18D99EE9CF93}.Debug|Any CPU.ActiveCfg = Debug|Any CPU
		{98908459-FE77-4953-9E46-18D99EE9CF93}.Debug|Any CPU.Build.0 = Debug|Any CPU
		{98908459-FE77-4953-9E46-18D99EE9CF93}.Release|Any CPU.ActiveCfg = Release|Any CPU
		{98908459-FE77-4953-9E46-18D99EE9CF93}.Release|Any CPU.Build.0 = Release|Any CPU
	EndGlobalSection
	GlobalSection(SolutionProperties) = preSolution
		HideSolutionNode = FALSE
	EndGlobalSection
	GlobalSection(ExtensibilityGlobals) = postSolution
		SolutionGuid = {1247C987-FCEB-4B5C-A3CC-FC5B19189AD0}
	EndGlobalSection
EndGlobal
