
Microsoft Visual Studio Solution File, Format Version 12.00
# Visual Studio Version 17
VisualStudioVersion = 17.9.34728.123
MinimumVisualStudioVersion = 10.0.40219.1
Project("{FAE04EC0-301F-11D3-BF4B-00C04F79EFBC}") = "010heranca", "010heranca\010heranca.csproj", "{7E18AED1-B648-41DE-879C-F2689F10E0BA}"
EndProject
Global
	GlobalSection(SolutionConfigurationPlatforms) = preSolution
		Debug|Any CPU = Debug|Any CPU
		Release|Any CPU = Release|Any CPU
	EndGlobalSection
	GlobalSection(ProjectConfigurationPlatforms) = postSolution
		{7E18AED1-B648-41DE-879C-F2689F10E0BA}.Debug|Any CPU.ActiveCfg = Debug|Any CPU
		{7E18AED1-B648-41DE-879C-F2689F10E0BA}.Debug|Any CPU.Build.0 = Debug|Any CPU
		{7E18AED1-B648-41DE-879C-F2689F10E0BA}.Release|Any CPU.ActiveCfg = Release|Any CPU
		{7E18AED1-B648-41DE-879C-F2689F10E0BA}.Release|Any CPU.Build.0 = Release|Any CPU
	EndGlobalSection
	GlobalSection(SolutionProperties) = preSolution
		HideSolutionNode = FALSE
	EndGlobalSection
	GlobalSection(ExtensibilityGlobals) = postSolution
		SolutionGuid = {A8B423A7-5606-4C03-A892-F146EFE8D7E4}
	EndGlobalSection
EndGlobal
