
Microsoft Visual Studio Solution File, Format Version 12.00
# Visual Studio Version 17
VisualStudioVersion = 17.9.34728.123
MinimumVisualStudioVersion = 10.0.40219.1
Project("{FAE04EC0-301F-11D3-BF4B-00C04F79EFBC}") = "ex011", "ex011\ex011.csproj", "{49742193-C33A-4A92-A203-0E28DF81B003}"
EndProject
Global
	GlobalSection(SolutionConfigurationPlatforms) = preSolution
		Debug|Any CPU = Debug|Any CPU
		Release|Any CPU = Release|Any CPU
	EndGlobalSection
	GlobalSection(ProjectConfigurationPlatforms) = postSolution
		{49742193-C33A-4A92-A203-0E28DF81B003}.Debug|Any CPU.ActiveCfg = Debug|Any CPU
		{49742193-C33A-4A92-A203-0E28DF81B003}.Debug|Any CPU.Build.0 = Debug|Any CPU
		{49742193-C33A-4A92-A203-0E28DF81B003}.Release|Any CPU.ActiveCfg = Release|Any CPU
		{49742193-C33A-4A92-A203-0E28DF81B003}.Release|Any CPU.Build.0 = Release|Any CPU
	EndGlobalSection
	GlobalSection(SolutionProperties) = preSolution
		HideSolutionNode = FALSE
	EndGlobalSection
	GlobalSection(ExtensibilityGlobals) = postSolution
		SolutionGuid = {BBA2B84E-AC61-42F3-8D7D-86984AEDAF6C}
	EndGlobalSection
EndGlobal
