
Microsoft Visual Studio Solution File, Format Version 12.00
# Visual Studio Version 17
VisualStudioVersion = 17.9.34728.123
MinimumVisualStudioVersion = 10.0.40219.1
Project("{FAE04EC0-301F-11D3-BF4B-00C04F79EFBC}") = "ex039", "ex039\ex039.csproj", "{F630714D-77C0-4D39-BC9A-F90C167CC3FC}"
EndProject
Global
	GlobalSection(SolutionConfigurationPlatforms) = preSolution
		Debug|Any CPU = Debug|Any CPU
		Release|Any CPU = Release|Any CPU
	EndGlobalSection
	GlobalSection(ProjectConfigurationPlatforms) = postSolution
		{F630714D-77C0-4D39-BC9A-F90C167CC3FC}.Debug|Any CPU.ActiveCfg = Debug|Any CPU
		{F630714D-77C0-4D39-BC9A-F90C167CC3FC}.Debug|Any CPU.Build.0 = Debug|Any CPU
		{F630714D-77C0-4D39-BC9A-F90C167CC3FC}.Release|Any CPU.ActiveCfg = Release|Any CPU
		{F630714D-77C0-4D39-BC9A-F90C167CC3FC}.Release|Any CPU.Build.0 = Release|Any CPU
	EndGlobalSection
	GlobalSection(SolutionProperties) = preSolution
		HideSolutionNode = FALSE
	EndGlobalSection
	GlobalSection(ExtensibilityGlobals) = postSolution
		SolutionGuid = {B646929F-5A29-4216-8962-894EF528755F}
	EndGlobalSection
EndGlobal
