
Microsoft Visual Studio Solution File, Format Version 12.00
# Visual Studio Version 17
VisualStudioVersion = 17.9.34728.123
MinimumVisualStudioVersion = 10.0.40219.1
Project("{FAE04EC0-301F-11D3-BF4B-00C04F79EFBC}") = "ex_imc", "ex_imc\ex_imc.csproj", "{5601D10F-F077-4DB8-8D81-8EBE6D29FBD7}"
EndProject
Global
	GlobalSection(SolutionConfigurationPlatforms) = preSolution
		Debug|Any CPU = Debug|Any CPU
		Release|Any CPU = Release|Any CPU
	EndGlobalSection
	GlobalSection(ProjectConfigurationPlatforms) = postSolution
		{5601D10F-F077-4DB8-8D81-8EBE6D29FBD7}.Debug|Any CPU.ActiveCfg = Debug|Any CPU
		{5601D10F-F077-4DB8-8D81-8EBE6D29FBD7}.Debug|Any CPU.Build.0 = Debug|Any CPU
		{5601D10F-F077-4DB8-8D81-8EBE6D29FBD7}.Release|Any CPU.ActiveCfg = Release|Any CPU
		{5601D10F-F077-4DB8-8D81-8EBE6D29FBD7}.Release|Any CPU.Build.0 = Release|Any CPU
	EndGlobalSection
	GlobalSection(SolutionProperties) = preSolution
		HideSolutionNode = FALSE
	EndGlobalSection
	GlobalSection(ExtensibilityGlobals) = postSolution
		SolutionGuid = {DFE2006A-04E7-4E44-92BC-3B9C903F5373}
	EndGlobalSection
EndGlobal
