
Microsoft Visual Studio Solution File, Format Version 12.00
# Visual Studio Version 17
VisualStudioVersion = 17.9.34728.123
MinimumVisualStudioVersion = 10.0.40219.1
Project("{FAE04EC0-301F-11D3-BF4B-00C04F79EFBC}") = "operadores_logicos", "operadores_logicos\operadores_logicos.csproj", "{134238BC-0327-4E74-AE92-89ADE5DE51F6}"
EndProject
Global
	GlobalSection(SolutionConfigurationPlatforms) = preSolution
		Debug|Any CPU = Debug|Any CPU
		Release|Any CPU = Release|Any CPU
	EndGlobalSection
	GlobalSection(ProjectConfigurationPlatforms) = postSolution
		{134238BC-0327-4E74-AE92-89ADE5DE51F6}.Debug|Any CPU.ActiveCfg = Debug|Any CPU
		{134238BC-0327-4E74-AE92-89ADE5DE51F6}.Debug|Any CPU.Build.0 = Debug|Any CPU
		{134238BC-0327-4E74-AE92-89ADE5DE51F6}.Release|Any CPU.ActiveCfg = Release|Any CPU
		{134238BC-0327-4E74-AE92-89ADE5DE51F6}.Release|Any CPU.Build.0 = Release|Any CPU
	EndGlobalSection
	GlobalSection(SolutionProperties) = preSolution
		HideSolutionNode = FALSE
	EndGlobalSection
	GlobalSection(ExtensibilityGlobals) = postSolution
		SolutionGuid = {0271A026-0C29-4797-B26A-0186A3D0DC65}
	EndGlobalSection
EndGlobal
