
Microsoft Visual Studio Solution File, Format Version 12.00
# Visual Studio Version 17
VisualStudioVersion = 17.9.34728.123
MinimumVisualStudioVersion = 10.0.40219.1
Project("{FAE04EC0-301F-11D3-BF4B-00C04F79EFBC}") = "enum", "enum\enum.csproj", "{55831568-06B6-4D91-9B73-18DEF74D8B09}"
EndProject
Global
	GlobalSection(SolutionConfigurationPlatforms) = preSolution
		Debug|Any CPU = Debug|Any CPU
		Release|Any CPU = Release|Any CPU
	EndGlobalSection
	GlobalSection(ProjectConfigurationPlatforms) = postSolution
		{55831568-06B6-4D91-9B73-18DEF74D8B09}.Debug|Any CPU.ActiveCfg = Debug|Any CPU
		{55831568-06B6-4D91-9B73-18DEF74D8B09}.Debug|Any CPU.Build.0 = Debug|Any CPU
		{55831568-06B6-4D91-9B73-18DEF74D8B09}.Release|Any CPU.ActiveCfg = Release|Any CPU
		{55831568-06B6-4D91-9B73-18DEF74D8B09}.Release|Any CPU.Build.0 = Release|Any CPU
	EndGlobalSection
	GlobalSection(SolutionProperties) = preSolution
		HideSolutionNode = FALSE
	EndGlobalSection
	GlobalSection(ExtensibilityGlobals) = postSolution
		SolutionGuid = {7B01A04C-F0F7-4929-8F91-637794C27B5F}
	EndGlobalSection
EndGlobal
