
Microsoft Visual Studio Solution File, Format Version 12.00
# Visual Studio Version 17
VisualStudioVersion = 17.9.34728.123
MinimumVisualStudioVersion = 10.0.40219.1
Project("{FAE04EC0-301F-11D3-BF4B-00C04F79EFBC}") = "ex044", "ex044\ex044.csproj", "{6FCDFBB8-AA2E-4A34-9065-CFC7E57D4D11}"
EndProject
Global
	GlobalSection(SolutionConfigurationPlatforms) = preSolution
		Debug|Any CPU = Debug|Any CPU
		Release|Any CPU = Release|Any CPU
	EndGlobalSection
	GlobalSection(ProjectConfigurationPlatforms) = postSolution
		{6FCDFBB8-AA2E-4A34-9065-CFC7E57D4D11}.Debug|Any CPU.ActiveCfg = Debug|Any CPU
		{6FCDFBB8-AA2E-4A34-9065-CFC7E57D4D11}.Debug|Any CPU.Build.0 = Debug|Any CPU
		{6FCDFBB8-AA2E-4A34-9065-CFC7E57D4D11}.Release|Any CPU.ActiveCfg = Release|Any CPU
		{6FCDFBB8-AA2E-4A34-9065-CFC7E57D4D11}.Release|Any CPU.Build.0 = Release|Any CPU
	EndGlobalSection
	GlobalSection(SolutionProperties) = preSolution
		HideSolutionNode = FALSE
	EndGlobalSection
	GlobalSection(ExtensibilityGlobals) = postSolution
		SolutionGuid = {8E66AD11-C5FC-499D-ADBE-6FA5C591EEF4}
	EndGlobalSection
EndGlobal
