
Microsoft Visual Studio Solution File, Format Version 12.00
# Visual Studio Version 17
VisualStudioVersion = 17.9.34728.123
MinimumVisualStudioVersion = 10.0.40219.1
Project("{FAE04EC0-301F-11D3-BF4B-00C04F79EFBC}") = "011polimorfismo", "011polimorfismo\011polimorfismo.csproj", "{206C70FB-8889-4A64-A2D9-F396089A5B83}"
EndProject
Global
	GlobalSection(SolutionConfigurationPlatforms) = preSolution
		Debug|Any CPU = Debug|Any CPU
		Release|Any CPU = Release|Any CPU
	EndGlobalSection
	GlobalSection(ProjectConfigurationPlatforms) = postSolution
		{206C70FB-8889-4A64-A2D9-F396089A5B83}.Debug|Any CPU.ActiveCfg = Debug|Any CPU
		{206C70FB-8889-4A64-A2D9-F396089A5B83}.Debug|Any CPU.Build.0 = Debug|Any CPU
		{206C70FB-8889-4A64-A2D9-F396089A5B83}.Release|Any CPU.ActiveCfg = Release|Any CPU
		{206C70FB-8889-4A64-A2D9-F396089A5B83}.Release|Any CPU.Build.0 = Release|Any CPU
	EndGlobalSection
	GlobalSection(SolutionProperties) = preSolution
		HideSolutionNode = FALSE
	EndGlobalSection
	GlobalSection(ExtensibilityGlobals) = postSolution
		SolutionGuid = {2C9595D5-B716-4700-B680-1B5A098CFBA4}
	EndGlobalSection
EndGlobal
