
Microsoft Visual Studio Solution File, Format Version 12.00
# Visual Studio Version 17
VisualStudioVersion = 17.9.34728.123
MinimumVisualStudioVersion = 10.0.40219.1
Project("{FAE04EC0-301F-11D3-BF4B-00C04F79EFBC}") = "05acesso", "05acesso\05acesso.csproj", "{DE87C5A3-31FC-41CB-8F76-1250A0F87909}"
EndProject
Global
	GlobalSection(SolutionConfigurationPlatforms) = preSolution
		Debug|Any CPU = Debug|Any CPU
		Release|Any CPU = Release|Any CPU
	EndGlobalSection
	GlobalSection(ProjectConfigurationPlatforms) = postSolution
		{DE87C5A3-31FC-41CB-8F76-1250A0F87909}.Debug|Any CPU.ActiveCfg = Debug|Any CPU
		{DE87C5A3-31FC-41CB-8F76-1250A0F87909}.Debug|Any CPU.Build.0 = Debug|Any CPU
		{DE87C5A3-31FC-41CB-8F76-1250A0F87909}.Release|Any CPU.ActiveCfg = Release|Any CPU
		{DE87C5A3-31FC-41CB-8F76-1250A0F87909}.Release|Any CPU.Build.0 = Release|Any CPU
	EndGlobalSection
	GlobalSection(SolutionProperties) = preSolution
		HideSolutionNode = FALSE
	EndGlobalSection
	GlobalSection(ExtensibilityGlobals) = postSolution
		SolutionGuid = {D685E4DC-976B-41DC-8E1C-5AF1635A15B1}
	EndGlobalSection
EndGlobal
