
Microsoft Visual Studio Solution File, Format Version 12.00
# Visual Studio Version 17
VisualStudioVersion = 17.9.34728.123
MinimumVisualStudioVersion = 10.0.40219.1
Project("{FAE04EC0-301F-11D3-BF4B-00C04F79EFBC}") = "02metodos", "02metodos\02metodos.csproj", "{DDCB9DAC-C718-4641-BE44-E04C919E0DED}"
EndProject
Global
	GlobalSection(SolutionConfigurationPlatforms) = preSolution
		Debug|Any CPU = Debug|Any CPU
		Release|Any CPU = Release|Any CPU
	EndGlobalSection
	GlobalSection(ProjectConfigurationPlatforms) = postSolution
		{DDCB9DAC-C718-4641-BE44-E04C919E0DED}.Debug|Any CPU.ActiveCfg = Debug|Any CPU
		{DDCB9DAC-C718-4641-BE44-E04C919E0DED}.Debug|Any CPU.Build.0 = Debug|Any CPU
		{DDCB9DAC-C718-4641-BE44-E04C919E0DED}.Release|Any CPU.ActiveCfg = Release|Any CPU
		{DDCB9DAC-C718-4641-BE44-E04C919E0DED}.Release|Any CPU.Build.0 = Release|Any CPU
	EndGlobalSection
	GlobalSection(SolutionProperties) = preSolution
		HideSolutionNode = FALSE
	EndGlobalSection
	GlobalSection(ExtensibilityGlobals) = postSolution
		SolutionGuid = {1FFDC90F-1B9F-4E03-A237-95F31C45783D}
	EndGlobalSection
EndGlobal
